
Microsoft Visual Studio Solution File, Format Version 12.00
# Visual Studio Version 17
VisualStudioVersion = 17.0.31903.59
MinimumVisualStudioVersion = 10.0.40219.1
Project("{FAE04EC0-301F-11D3-BF4B-00C04F79EFBC}") = "Server", "Server\Server.csproj", "{5902FE62-2453-4EE4-A34B-0AED962E378A}"
EndProject
Project("{FAE04EC0-301F-11D3-BF4B-00C04F79EFBC}") = "Client", "Client\Client.csproj", "{D80DC0EF-093E-4096-9490-F4B7532086C6}"
EndProject
Global
	GlobalSection(SolutionConfigurationPlatforms) = preSolution
		Debug|Any CPU = Debug|Any CPU
		Release|Any CPU = Release|Any CPU
	EndGlobalSection
	GlobalSection(SolutionProperties) = preSolution
		HideSolutionNode = FALSE
	EndGlobalSection
	GlobalSection(ProjectConfigurationPlatforms) = postSolution
		{5902FE62-2453-4EE4-A34B-0AED962E378A}.Debug|Any CPU.ActiveCfg = Debug|Any CPU
		{5902FE62-2453-4EE4-A34B-0AED962E378A}.Debug|Any CPU.Build.0 = Debug|Any CPU
		{5902FE62-2453-4EE4-A34B-0AED962E378A}.Release|Any CPU.ActiveCfg = Release|Any CPU
		{5902FE62-2453-4EE4-A34B-0AED962E378A}.Release|Any CPU.Build.0 = Release|Any CPU
		{D80DC0EF-093E-4096-9490-F4B7532086C6}.Debug|Any CPU.ActiveCfg = Debug|Any CPU
		{D80DC0EF-093E-4096-9490-F4B7532086C6}.Debug|Any CPU.Build.0 = Debug|Any CPU
		{D80DC0EF-093E-4096-9490-F4B7532086C6}.Release|Any CPU.ActiveCfg = Release|Any CPU
		{D80DC0EF-093E-4096-9490-F4B7532086C6}.Release|Any CPU.Build.0 = Release|Any CPU
	EndGlobalSection
EndGlobal
